// !$*UTF8*$!
{
	archiveVersion = 1;
	classes = {
	};
	objectVersion = 46;
	objects = {

/* Begin PBXBuildFile section */
		8D1821E11F8EEE0F00DA9522 /* Date+ContactRotAdditions.swift in Sources */ = {isa = PBXBuildFile; fileRef = 8D1821E01F8EEE0F00DA9522 /* Date+ContactRotAdditions.swift */; };
		8D1821E41F8EFB8800DA9522 /* ContactMethodsView.swift in Sources */ = {isa = PBXBuildFile; fileRef = 8D1821E31F8EFB8800DA9522 /* ContactMethodsView.swift */; };
		8D606ACF1F8DBE4E00BB169A /* ContactViewController.swift in Sources */ = {isa = PBXBuildFile; fileRef = 8D606ACE1F8DBE4E00BB169A /* ContactViewController.swift */; };
		8D91AD7D1F8C4B0200645D0F /* Contact.swift in Sources */ = {isa = PBXBuildFile; fileRef = 8D91AD7C1F8C4B0200645D0F /* Contact.swift */; };
		8D91AD801F8C4F9000645D0F /* ContactDataManager.swift in Sources */ = {isa = PBXBuildFile; fileRef = 8D91AD7F1F8C4F9000645D0F /* ContactDataManager.swift */; };
		8DB23BDB1F8F10E20034B1C4 /* ContactMethodsViewController.swift in Sources */ = {isa = PBXBuildFile; fileRef = 8DB23BDA1F8F10E20034B1C4 /* ContactMethodsViewController.swift */; };
		8DB23BDE1F8FE3AE0034B1C4 /* ContactPhoneNumberTableViewCell.swift in Sources */ = {isa = PBXBuildFile; fileRef = 8DB23BDD1F8FE3AE0034B1C4 /* ContactPhoneNumberTableViewCell.swift */; };
		8DD1CA5D1F914C8900991D71 /* UIColor+ContactRotAdditions.swift in Sources */ = {isa = PBXBuildFile; fileRef = 8DD1CA5C1F914C8900991D71 /* UIColor+ContactRotAdditions.swift */; };
		8DE0DD871F86DB0D00C5E0E2 /* AppDelegate.swift in Sources */ = {isa = PBXBuildFile; fileRef = 8DE0DD861F86DB0D00C5E0E2 /* AppDelegate.swift */; };
		8DE0DD891F86DB0D00C5E0E2 /* ContactListViewController.swift in Sources */ = {isa = PBXBuildFile; fileRef = 8DE0DD881F86DB0D00C5E0E2 /* ContactListViewController.swift */; };
		8DE0DD911F86DB0D00C5E0E2 /* Assets.xcassets in Resources */ = {isa = PBXBuildFile; fileRef = 8DE0DD901F86DB0D00C5E0E2 /* Assets.xcassets */; };
		8DE0DD941F86DB0D00C5E0E2 /* LaunchScreen.storyboard in Resources */ = {isa = PBXBuildFile; fileRef = 8DE0DD921F86DB0D00C5E0E2 /* LaunchScreen.storyboard */; };
		8DE0DDAB1F86E2B800C5E0E2 /* ContactListDataProvider.swift in Sources */ = {isa = PBXBuildFile; fileRef = 8DE0DDAA1F86E2B800C5E0E2 /* ContactListDataProvider.swift */; };
		F9C7E674D228A80EA8BF5503 /* Pods_ContactRot.framework in Frameworks */ = {isa = PBXBuildFile; fileRef = A70E36A5C822964B04B45864 /* Pods_ContactRot.framework */; };
/* End PBXBuildFile section */

/* Begin PBXFileReference section */
		0B4D19040C50674C57EB6510 /* Pods-ContactRot.debug.xcconfig */ = {isa = PBXFileReference; includeInIndex = 1; lastKnownFileType = text.xcconfig; name = "Pods-ContactRot.debug.xcconfig"; path = "Pods/Target Support Files/Pods-ContactRot/Pods-ContactRot.debug.xcconfig"; sourceTree = "<group>"; };
		3AC6EB0362F55524C8A0DDCF /* Pods-ContactRot.release.xcconfig */ = {isa = PBXFileReference; includeInIndex = 1; lastKnownFileType = text.xcconfig; name = "Pods-ContactRot.release.xcconfig"; path = "Pods/Target Support Files/Pods-ContactRot/Pods-ContactRot.release.xcconfig"; sourceTree = "<group>"; };
		8D1821E01F8EEE0F00DA9522 /* Date+ContactRotAdditions.swift */ = {isa = PBXFileReference; lastKnownFileType = sourcecode.swift; path = "Date+ContactRotAdditions.swift"; sourceTree = "<group>"; };
		8D1821E31F8EFB8800DA9522 /* ContactMethodsView.swift */ = {isa = PBXFileReference; lastKnownFileType = sourcecode.swift; path = ContactMethodsView.swift; sourceTree = "<group>"; };
		8D606ACE1F8DBE4E00BB169A /* ContactViewController.swift */ = {isa = PBXFileReference; lastKnownFileType = sourcecode.swift; path = ContactViewController.swift; sourceTree = "<group>"; };
		8D91AD7C1F8C4B0200645D0F /* Contact.swift */ = {isa = PBXFileReference; fileEncoding = 4; lastKnownFileType = sourcecode.swift; path = Contact.swift; sourceTree = "<group>"; };
		8D91AD7F1F8C4F9000645D0F /* ContactDataManager.swift */ = {isa = PBXFileReference; fileEncoding = 4; lastKnownFileType = sourcecode.swift; path = ContactDataManager.swift; sourceTree = "<group>"; };
		8DB23BDA1F8F10E20034B1C4 /* ContactMethodsViewController.swift */ = {isa = PBXFileReference; lastKnownFileType = sourcecode.swift; path = ContactMethodsViewController.swift; sourceTree = "<group>"; };
		8DB23BDD1F8FE3AE0034B1C4 /* ContactPhoneNumberTableViewCell.swift */ = {isa = PBXFileReference; lastKnownFileType = sourcecode.swift; path = ContactPhoneNumberTableViewCell.swift; sourceTree = "<group>"; };
		8DD1CA5C1F914C8900991D71 /* UIColor+ContactRotAdditions.swift */ = {isa = PBXFileReference; lastKnownFileType = sourcecode.swift; path = "UIColor+ContactRotAdditions.swift"; sourceTree = "<group>"; };
		8DE0DD831F86DB0D00C5E0E2 /* ContactRot.app */ = {isa = PBXFileReference; explicitFileType = wrapper.application; includeInIndex = 0; path = ContactRot.app; sourceTree = BUILT_PRODUCTS_DIR; };
		8DE0DD861F86DB0D00C5E0E2 /* AppDelegate.swift */ = {isa = PBXFileReference; lastKnownFileType = sourcecode.swift; path = AppDelegate.swift; sourceTree = "<group>"; };
		8DE0DD881F86DB0D00C5E0E2 /* ContactListViewController.swift */ = {isa = PBXFileReference; lastKnownFileType = sourcecode.swift; path = ContactListViewController.swift; sourceTree = "<group>"; };
		8DE0DD901F86DB0D00C5E0E2 /* Assets.xcassets */ = {isa = PBXFileReference; lastKnownFileType = folder.assetcatalog; path = Assets.xcassets; sourceTree = "<group>"; };
		8DE0DD931F86DB0D00C5E0E2 /* Base */ = {isa = PBXFileReference; lastKnownFileType = file.storyboard; name = Base; path = Base.lproj/LaunchScreen.storyboard; sourceTree = "<group>"; };
		8DE0DD951F86DB0D00C5E0E2 /* Info.plist */ = {isa = PBXFileReference; lastKnownFileType = text.plist.xml; path = Info.plist; sourceTree = "<group>"; };
		8DE0DDAA1F86E2B800C5E0E2 /* ContactListDataProvider.swift */ = {isa = PBXFileReference; fileEncoding = 4; lastKnownFileType = sourcecode.swift; path = ContactListDataProvider.swift; sourceTree = "<group>"; };
		A70E36A5C822964B04B45864 /* Pods_ContactRot.framework */ = {isa = PBXFileReference; explicitFileType = wrapper.framework; includeInIndex = 0; path = Pods_ContactRot.framework; sourceTree = BUILT_PRODUCTS_DIR; };
/* End PBXFileReference section */

/* Begin PBXFrameworksBuildPhase section */
		8DE0DD801F86DB0D00C5E0E2 /* Frameworks */ = {
			isa = PBXFrameworksBuildPhase;
			buildActionMask = 2147483647;
			files = (
				F9C7E674D228A80EA8BF5503 /* Pods_ContactRot.framework in Frameworks */,
			);
			runOnlyForDeploymentPostprocessing = 0;
		};
/* End PBXFrameworksBuildPhase section */

/* Begin PBXGroup section */
		8D1821DF1F8EEDBE00DA9522 /* Extensions */ = {
			isa = PBXGroup;
			children = (
				8D1821E01F8EEE0F00DA9522 /* Date+ContactRotAdditions.swift */,
				8DD1CA5C1F914C8900991D71 /* UIColor+ContactRotAdditions.swift */,
			);
			name = Extensions;
			path = Classes/Extensions;
			sourceTree = "<group>";
		};
		8D1821E21F8EFB3300DA9522 /* Views */ = {
			isa = PBXGroup;
			children = (
				8DB23BDC1F8FE38D0034B1C4 /* Cells */,
				8D1821E31F8EFB8800DA9522 /* ContactMethodsView.swift */,
			);
			name = Views;
			path = Classes/Views;
			sourceTree = "<group>";
		};
		8D91AD751F881B2800645D0F /* Controllers */ = {
			isa = PBXGroup;
			children = (
				8DE0DD881F86DB0D00C5E0E2 /* ContactListViewController.swift */,
				8DB23BDA1F8F10E20034B1C4 /* ContactMethodsViewController.swift */,
				8D606ACE1F8DBE4E00BB169A /* ContactViewController.swift */,
			);
			name = Controllers;
			path = Classes/Controllers;
			sourceTree = "<group>";
		};
		8D91AD7B1F8C4AE100645D0F /* Models */ = {
			isa = PBXGroup;
			children = (
				8D91AD7C1F8C4B0200645D0F /* Contact.swift */,
			);
			name = Models;
			path = Classes/Models;
			sourceTree = "<group>";
		};
		8D91AD7E1F8C4F6E00645D0F /* Data Managers */ = {
			isa = PBXGroup;
			children = (
				8D91AD7F1F8C4F9000645D0F /* ContactDataManager.swift */,
			);
			name = "Data Managers";
			path = Classes/DataManagers;
			sourceTree = "<group>";
		};
		8DB23BDC1F8FE38D0034B1C4 /* Cells */ = {
			isa = PBXGroup;
			children = (
				8DB23BDD1F8FE3AE0034B1C4 /* ContactPhoneNumberTableViewCell.swift */,
			);
			path = Cells;
			sourceTree = "<group>";
		};
		8DE0DD7A1F86DB0D00C5E0E2 = {
			isa = PBXGroup;
			children = (
				8DE0DD851F86DB0D00C5E0E2 /* ContactRot */,
				8DE0DD841F86DB0D00C5E0E2 /* Products */,
				B8066D68013632087297203A /* Pods */,
				A7DC49914E03DE76E9C8D368 /* Frameworks */,
			);
			sourceTree = "<group>";
		};
		8DE0DD841F86DB0D00C5E0E2 /* Products */ = {
			isa = PBXGroup;
			children = (
				8DE0DD831F86DB0D00C5E0E2 /* ContactRot.app */,
			);
			name = Products;
			sourceTree = "<group>";
		};
		8DE0DD851F86DB0D00C5E0E2 /* ContactRot */ = {
			isa = PBXGroup;
			children = (
				8D91AD751F881B2800645D0F /* Controllers */,
				8D91AD7E1F8C4F6E00645D0F /* Data Managers */,
				8DE0DDA91F86E27400C5E0E2 /* Data Providers */,
				8D1821DF1F8EEDBE00DA9522 /* Extensions */,
				8D91AD7B1F8C4AE100645D0F /* Models */,
				8D1821E21F8EFB3300DA9522 /* Views */,
				8DE0DD861F86DB0D00C5E0E2 /* AppDelegate.swift */,
				8DE0DD901F86DB0D00C5E0E2 /* Assets.xcassets */,
				8DE0DD921F86DB0D00C5E0E2 /* LaunchScreen.storyboard */,
				8DE0DD951F86DB0D00C5E0E2 /* Info.plist */,
			);
			path = ContactRot;
			sourceTree = "<group>";
		};
		8DE0DDA91F86E27400C5E0E2 /* Data Providers */ = {
			isa = PBXGroup;
			children = (
				8DE0DDAA1F86E2B800C5E0E2 /* ContactListDataProvider.swift */,
			);
			name = "Data Providers";
			path = Classes/DataProviders;
			sourceTree = "<group>";
		};
		A7DC49914E03DE76E9C8D368 /* Frameworks */ = {
			isa = PBXGroup;
			children = (
				A70E36A5C822964B04B45864 /* Pods_ContactRot.framework */,
			);
			name = Frameworks;
			sourceTree = "<group>";
		};
		B8066D68013632087297203A /* Pods */ = {
			isa = PBXGroup;
			children = (
				0B4D19040C50674C57EB6510 /* Pods-ContactRot.debug.xcconfig */,
				3AC6EB0362F55524C8A0DDCF /* Pods-ContactRot.release.xcconfig */,
			);
			name = Pods;
			sourceTree = "<group>";
		};
/* End PBXGroup section */

/* Begin PBXNativeTarget section */
		8DE0DD821F86DB0D00C5E0E2 /* ContactRot */ = {
			isa = PBXNativeTarget;
			buildConfigurationList = 8DE0DDA31F86DB0D00C5E0E2 /* Build configuration list for PBXNativeTarget "ContactRot" */;
			buildPhases = (
				F713486BB72DEC6A7CB96E8C /* [CP] Check Pods Manifest.lock */,
				8DE0DD7F1F86DB0D00C5E0E2 /* Sources */,
				8DE0DD801F86DB0D00C5E0E2 /* Frameworks */,
				8DE0DD811F86DB0D00C5E0E2 /* Resources */,
				455DD45EF689213553485CF9 /* [CP] Embed Pods Frameworks */,
				779B127EB629E3D70A0ED9B8 /* [CP] Copy Pods Resources */,
				8DB23BD91F8F0A930034B1C4 /* ShellScript */,
			);
			buildRules = (
			);
			dependencies = (
			);
			name = ContactRot;
			productName = ContactRot;
			productReference = 8DE0DD831F86DB0D00C5E0E2 /* ContactRot.app */;
			productType = "com.apple.product-type.application";
		};
/* End PBXNativeTarget section */

/* Begin PBXProject section */
		8DE0DD7B1F86DB0D00C5E0E2 /* Project object */ = {
			isa = PBXProject;
			attributes = {
				LastSwiftUpdateCheck = 0820;
				LastUpgradeCheck = 0900;
				ORGANIZATIONNAME = Dempsey;
				TargetAttributes = {
					8DE0DD821F86DB0D00C5E0E2 = {
						CreatedOnToolsVersion = 8.2.1;
						DevelopmentTeam = SMEUFVNQEF;
						ProvisioningStyle = Automatic;
					};
				};
			};
			buildConfigurationList = 8DE0DD7E1F86DB0D00C5E0E2 /* Build configuration list for PBXProject "ContactRot" */;
			compatibilityVersion = "Xcode 3.2";
			developmentRegion = English;
			hasScannedForEncodings = 0;
			knownRegions = (
				en,
				Base,
			);
			mainGroup = 8DE0DD7A1F86DB0D00C5E0E2;
			productRefGroup = 8DE0DD841F86DB0D00C5E0E2 /* Products */;
			projectDirPath = "";
			projectRoot = "";
			targets = (
				8DE0DD821F86DB0D00C5E0E2 /* ContactRot */,
			);
		};
/* End PBXProject section */

/* Begin PBXResourcesBuildPhase section */
		8DE0DD811F86DB0D00C5E0E2 /* Resources */ = {
			isa = PBXResourcesBuildPhase;
			buildActionMask = 2147483647;
			files = (
				8DE0DD941F86DB0D00C5E0E2 /* LaunchScreen.storyboard in Resources */,
				8DE0DD911F86DB0D00C5E0E2 /* Assets.xcassets in Resources */,
			);
			runOnlyForDeploymentPostprocessing = 0;
		};
/* End PBXResourcesBuildPhase section */

/* Begin PBXShellScriptBuildPhase section */
		455DD45EF689213553485CF9 /* [CP] Embed Pods Frameworks */ = {
			isa = PBXShellScriptBuildPhase;
			buildActionMask = 2147483647;
			files = (
			);
			inputPaths = (
				"${SRCROOT}/Pods/Target Support Files/Pods-ContactRot/Pods-ContactRot-frameworks.sh",
				"${BUILT_PRODUCTS_DIR}/SnapKit/SnapKit.framework",
			);
			name = "[CP] Embed Pods Frameworks";
			outputPaths = (
				"${TARGET_BUILD_DIR}/${FRAMEWORKS_FOLDER_PATH}/SnapKit.framework",
			);
			runOnlyForDeploymentPostprocessing = 0;
			shellPath = /bin/sh;
			shellScript = "\"${SRCROOT}/Pods/Target Support Files/Pods-ContactRot/Pods-ContactRot-frameworks.sh\"\n";
			showEnvVarsInLog = 0;
		};
		779B127EB629E3D70A0ED9B8 /* [CP] Copy Pods Resources */ = {
			isa = PBXShellScriptBuildPhase;
			buildActionMask = 2147483647;
			files = (
			);
			inputPaths = (
			);
			name = "[CP] Copy Pods Resources";
			outputPaths = (
			);
			runOnlyForDeploymentPostprocessing = 0;
			shellPath = /bin/sh;
			shellScript = "\"${SRCROOT}/Pods/Target Support Files/Pods-ContactRot/Pods-ContactRot-resources.sh\"\n";
			showEnvVarsInLog = 0;
		};
		8DB23BD91F8F0A930034B1C4 /* ShellScript */ = {
			isa = PBXShellScriptBuildPhase;
			buildActionMask = 2147483647;
			files = (
			);
			inputPaths = (
			);
			outputPaths = (
			);
			runOnlyForDeploymentPostprocessing = 0;
			shellPath = /bin/sh;
			shellScript = "\"${PODS_ROOT}/Fabric/run\" d30c22026c802c81271986fec1942bda82623f85 9f467a0932e39ec6389aab1ea38905a439a05932fbeb266286f61bb84a139596";
		};
		F713486BB72DEC6A7CB96E8C /* [CP] Check Pods Manifest.lock */ = {
			isa = PBXShellScriptBuildPhase;
			buildActionMask = 2147483647;
			files = (
			);
			inputPaths = (
				"${PODS_PODFILE_DIR_PATH}/Podfile.lock",
				"${PODS_ROOT}/Manifest.lock",
			);
			name = "[CP] Check Pods Manifest.lock";
			outputPaths = (
				"$(DERIVED_FILE_DIR)/Pods-ContactRot-checkManifestLockResult.txt",
			);
			runOnlyForDeploymentPostprocessing = 0;
			shellPath = /bin/sh;
			shellScript = "diff \"${PODS_PODFILE_DIR_PATH}/Podfile.lock\" \"${PODS_ROOT}/Manifest.lock\" > /dev/null\nif [ $? != 0 ] ; then\n    # print error to STDERR\n    echo \"error: The sandbox is not in sync with the Podfile.lock. Run 'pod install' or update your CocoaPods installation.\" >&2\n    exit 1\nfi\n# This output is used by Xcode 'outputs' to avoid re-running this script phase.\necho \"SUCCESS\" > \"${SCRIPT_OUTPUT_FILE_0}\"\n";
			showEnvVarsInLog = 0;
		};
/* End PBXShellScriptBuildPhase section */

/* Begin PBXSourcesBuildPhase section */
		8DE0DD7F1F86DB0D00C5E0E2 /* Sources */ = {
			isa = PBXSourcesBuildPhase;
			buildActionMask = 2147483647;
			files = (
				8DD1CA5D1F914C8900991D71 /* UIColor+ContactRotAdditions.swift in Sources */,
				8DE0DD891F86DB0D00C5E0E2 /* ContactListViewController.swift in Sources */,
				8D91AD801F8C4F9000645D0F /* ContactDataManager.swift in Sources */,
				8DE0DDAB1F86E2B800C5E0E2 /* ContactListDataProvider.swift in Sources */,
				8DB23BDB1F8F10E20034B1C4 /* ContactMethodsViewController.swift in Sources */,
				8D1821E11F8EEE0F00DA9522 /* Date+ContactRotAdditions.swift in Sources */,
				8D91AD7D1F8C4B0200645D0F /* Contact.swift in Sources */,
				8DE0DD871F86DB0D00C5E0E2 /* AppDelegate.swift in Sources */,
				8D1821E41F8EFB8800DA9522 /* ContactMethodsView.swift in Sources */,
				8DB23BDE1F8FE3AE0034B1C4 /* ContactPhoneNumberTableViewCell.swift in Sources */,
				8D606ACF1F8DBE4E00BB169A /* ContactViewController.swift in Sources */,
			);
			runOnlyForDeploymentPostprocessing = 0;
		};
/* End PBXSourcesBuildPhase section */

/* Begin PBXVariantGroup section */
		8DE0DD921F86DB0D00C5E0E2 /* LaunchScreen.storyboard */ = {
			isa = PBXVariantGroup;
			children = (
				8DE0DD931F86DB0D00C5E0E2 /* Base */,
			);
			name = LaunchScreen.storyboard;
			sourceTree = "<group>";
		};
/* End PBXVariantGroup section */

/* Begin XCBuildConfiguration section */
		8DE0DDA11F86DB0D00C5E0E2 /* Debug */ = {
			isa = XCBuildConfiguration;
			buildSettings = {
				ALWAYS_SEARCH_USER_PATHS = NO;
				CLANG_ANALYZER_NONNULL = YES;
				CLANG_CXX_LANGUAGE_STANDARD = "gnu++0x";
				CLANG_CXX_LIBRARY = "libc++";
				CLANG_ENABLE_MODULES = YES;
				CLANG_ENABLE_OBJC_ARC = YES;
				CLANG_WARN_BLOCK_CAPTURE_AUTORELEASING = YES;
				CLANG_WARN_BOOL_CONVERSION = YES;
				CLANG_WARN_COMMA = YES;
				CLANG_WARN_CONSTANT_CONVERSION = YES;
				CLANG_WARN_DIRECT_OBJC_ISA_USAGE = YES_ERROR;
				CLANG_WARN_DOCUMENTATION_COMMENTS = YES;
				CLANG_WARN_EMPTY_BODY = YES;
				CLANG_WARN_ENUM_CONVERSION = YES;
				CLANG_WARN_INFINITE_RECURSION = YES;
				CLANG_WARN_INT_CONVERSION = YES;
				CLANG_WARN_NON_LITERAL_NULL_CONVERSION = YES;
				CLANG_WARN_OBJC_LITERAL_CONVERSION = YES;
				CLANG_WARN_OBJC_ROOT_CLASS = YES_ERROR;
				CLANG_WARN_RANGE_LOOP_ANALYSIS = YES;
				CLANG_WARN_STRICT_PROTOTYPES = YES;
				CLANG_WARN_SUSPICIOUS_MOVE = YES;
				CLANG_WARN_UNREACHABLE_CODE = YES;
				CLANG_WARN__DUPLICATE_METHOD_MATCH = YES;
				"CODE_SIGN_IDENTITY[sdk=iphoneos*]" = "iPhone Developer";
				COPY_PHASE_STRIP = NO;
				DEBUG_INFORMATION_FORMAT = dwarf;
				ENABLE_STRICT_OBJC_MSGSEND = YES;
				ENABLE_TESTABILITY = YES;
				FRAMEWORK_SEARCH_PATHS = "$(SRCROOT)";
				GCC_C_LANGUAGE_STANDARD = gnu99;
				GCC_DYNAMIC_NO_PIC = NO;
				GCC_NO_COMMON_BLOCKS = YES;
				GCC_OPTIMIZATION_LEVEL = 0;
				GCC_PREPROCESSOR_DEFINITIONS = (
					"DEBUG=1",
					"$(inherited)",
				);
				GCC_WARN_64_TO_32_BIT_CONVERSION = YES;
				GCC_WARN_ABOUT_RETURN_TYPE = YES_ERROR;
				GCC_WARN_UNDECLARED_SELECTOR = YES;
				GCC_WARN_UNINITIALIZED_AUTOS = YES_AGGRESSIVE;
				GCC_WARN_UNUSED_FUNCTION = YES;
				GCC_WARN_UNUSED_VARIABLE = YES;
				IPHONEOS_DEPLOYMENT_TARGET = 10.2;
				MTL_ENABLE_DEBUG_INFO = YES;
				ONLY_ACTIVE_ARCH = YES;
				SDKROOT = iphoneos;
				SWIFT_ACTIVE_COMPILATION_CONDITIONS = DEBUG;
				SWIFT_OPTIMIZATION_LEVEL = "-Onone";
				TARGETED_DEVICE_FAMILY = "1,2";
			};
			name = Debug;
		};
		8DE0DDA21F86DB0D00C5E0E2 /* Release */ = {
			isa = XCBuildConfiguration;
			buildSettings = {
				ALWAYS_SEARCH_USER_PATHS = NO;
				CLANG_ANALYZER_NONNULL = YES;
				CLANG_CXX_LANGUAGE_STANDARD = "gnu++0x";
				CLANG_CXX_LIBRARY = "libc++";
				CLANG_ENABLE_MODULES = YES;
				CLANG_ENABLE_OBJC_ARC = YES;
				CLANG_WARN_BLOCK_CAPTURE_AUTORELEASING = YES;
				CLANG_WARN_BOOL_CONVERSION = YES;
				CLANG_WARN_COMMA = YES;
				CLANG_WARN_CONSTANT_CONVERSION = YES;
				CLANG_WARN_DIRECT_OBJC_ISA_USAGE = YES_ERROR;
				CLANG_WARN_DOCUMENTATION_COMMENTS = YES;
				CLANG_WARN_EMPTY_BODY = YES;
				CLANG_WARN_ENUM_CONVERSION = YES;
				CLANG_WARN_INFINITE_RECURSION = YES;
				CLANG_WARN_INT_CONVERSION = YES;
				CLANG_WARN_NON_LITERAL_NULL_CONVERSION = YES;
				CLANG_WARN_OBJC_LITERAL_CONVERSION = YES;
				CLANG_WARN_OBJC_ROOT_CLASS = YES_ERROR;
				CLANG_WARN_RANGE_LOOP_ANALYSIS = YES;
				CLANG_WARN_STRICT_PROTOTYPES = YES;
				CLANG_WARN_SUSPICIOUS_MOVE = YES;
				CLANG_WARN_UNREACHABLE_CODE = YES;
				CLANG_WARN__DUPLICATE_METHOD_MATCH = YES;
				"CODE_SIGN_IDENTITY[sdk=iphoneos*]" = "iPhone Developer";
				COPY_PHASE_STRIP = NO;
				DEBUG_INFORMATION_FORMAT = "dwarf-with-dsym";
				ENABLE_NS_ASSERTIONS = NO;
				ENABLE_STRICT_OBJC_MSGSEND = YES;
				FRAMEWORK_SEARCH_PATHS = "$(SRCROOT)";
				GCC_C_LANGUAGE_STANDARD = gnu99;
				GCC_NO_COMMON_BLOCKS = YES;
				GCC_WARN_64_TO_32_BIT_CONVERSION = YES;
				GCC_WARN_ABOUT_RETURN_TYPE = YES_ERROR;
				GCC_WARN_UNDECLARED_SELECTOR = YES;
				GCC_WARN_UNINITIALIZED_AUTOS = YES_AGGRESSIVE;
				GCC_WARN_UNUSED_FUNCTION = YES;
				GCC_WARN_UNUSED_VARIABLE = YES;
				IPHONEOS_DEPLOYMENT_TARGET = 10.2;
				MTL_ENABLE_DEBUG_INFO = NO;
				SDKROOT = iphoneos;
				SWIFT_OPTIMIZATION_LEVEL = "-Owholemodule";
				TARGETED_DEVICE_FAMILY = "1,2";
				VALIDATE_PRODUCT = YES;
			};
			name = Release;
		};
		8DE0DDA41F86DB0D00C5E0E2 /* Debug */ = {
			isa = XCBuildConfiguration;
			baseConfigurationReference = 0B4D19040C50674C57EB6510 /* Pods-ContactRot.debug.xcconfig */;
			buildSettings = {
				ASSETCATALOG_COMPILER_APPICON_NAME = AppIcon;
				DEBUG_INFORMATION_FORMAT = "dwarf-with-dsym";
				DEVELOPMENT_TEAM = SMEUFVNQEF;
				INFOPLIST_FILE = ContactRot/Info.plist;
				LD_RUNPATH_SEARCH_PATHS = "$(inherited) @executable_path/Frameworks";
				PRODUCT_BUNDLE_IDENTIFIER = dempsey.ContactRot;
				PRODUCT_NAME = "$(TARGET_NAME)";
				SWIFT_VERSION = 4.0;
			};
			name = Debug;
		};
		8DE0DDA51F86DB0D00C5E0E2 /* Release */ = {
			isa = XCBuildConfiguration;
			baseConfigurationReference = 3AC6EB0362F55524C8A0DDCF /* Pods-ContactRot.release.xcconfig */;
			buildSettings = {
				ASSETCATALOG_COMPILER_APPICON_NAME = AppIcon;
				DEBUG_INFORMATION_FORMAT = "dwarf-with-dsym";
				DEVELOPMENT_TEAM = SMEUFVNQEF;
				INFOPLIST_FILE = ContactRot/Info.plist;
				LD_RUNPATH_SEARCH_PATHS = "$(inherited) @executable_path/Frameworks";
				PRODUCT_BUNDLE_IDENTIFIER = dempsey.ContactRot;
				PRODUCT_NAME = "$(TARGET_NAME)";
				SWIFT_VERSION = 4.0;
			};
			name = Release;
		};
/* End XCBuildConfiguration section */

/* Begin XCConfigurationList section */
		8DE0DD7E1F86DB0D00C5E0E2 /* Build configuration list for PBXProject "ContactRot" */ = {
			isa = XCConfigurationList;
			buildConfigurations = (
				8DE0DDA11F86DB0D00C5E0E2 /* Debug */,
				8DE0DDA21F86DB0D00C5E0E2 /* Release */,
			);
			defaultConfigurationIsVisible = 0;
			defaultConfigurationName = Release;
		};
		8DE0DDA31F86DB0D00C5E0E2 /* Build configuration list for PBXNativeTarget "ContactRot" */ = {
			isa = XCConfigurationList;
			buildConfigurations = (
				8DE0DDA41F86DB0D00C5E0E2 /* Debug */,
				8DE0DDA51F86DB0D00C5E0E2 /* Release */,
			);
			defaultConfigurationIsVisible = 0;
			defaultConfigurationName = Release;
		};
/* End XCConfigurationList section */
	};
	rootObject = 8DE0DD7B1F86DB0D00C5E0E2 /* Project object */;
}
